version = 1
revision = 3
requires-python = ">=3.14"

[[package]]
name = "caddialog"
version = "0.1.0"
source = { virtual = "." }

[package.dev-dependencies]
dev = [
    { name = "cwapi3d" },
    { name = "pyqt6" },
    { name = "pyqt6-webengine" },
    { name = "pytest" },
]
prod = [
    { name = "pyqt6-webengine" },
]

[package.metadata]

[package.metadata.requires-dev]
dev = [
    { name = "cwapi3d", specifier = ">=32.443.8" },
    { name = "pyqt6", specifier = ">=6.8,<6.9" },
    { name = "pyqt6-webengine", specifier = ">=6.8,<6.9" },
    { name = "pytest", specifier = ">=8.0" },
]
prod = [{ name = "pyqt6-webengine", specifier = ">=6.8,<6.9" }]

[[package]]
name = "colorama"
version = "0.4.6"
source = { registry = "https://pypi.org/simple" }
sdist = { url = "https://files.pythonhosted.org/packages/d8/53/6f443c9a4a8358a93a6792e2acffb9d9d5cb0a5cfd8802644b7b1c9a02e4/colorama-0.4.6.tar.gz", hash = "sha256:08695f5cb7ed6e0531a20572697297273c47b8cae5a63ffc6d6ed5c201be6e44", size = 27697, upload-time = "2022-10-25T02:36:22.414Z" }
wheels = [
    { url = "https://files.pythonhosted.org/packages/d1/d6/3965ed04c63042e047cb6a3e6ed1a63a35087b6a609aa3a15ed8ac56c221/colorama-0.4.6-py2.py3-none-any.whl", hash = "sha256:4f1d9991f5acc0ca119f9d443620b77f9d6b33703e51011c16baf57afb285fc6", size = 25335, upload-time = "2022-10-25T02:36:20.889Z" },
]

[[package]]
name = "cwapi3d"
version = "32.443.8"
source = { registry = "https://pypi.org/simple" }
sdist = { url = "https://files.pythonhosted.org/packages/9f/51/8575881ba6ddf55f02db075717cb5ff9789de0ea485d2ff3bd2166167a5a/cwapi3d-32.443.8.tar.gz", hash = "sha256:b19e1944d3f34f90ab3fdb60bc8d00aa766d5a1a0c4877aa63a43bfe75163463", size = 71911, upload-time = "2026-04-28T16:43:23.649Z" }
wheels = [
    { url = "https://files.pythonhosted.org/packages/38/1d/40c0632e6741ef4e85024d51d0d80dcbf4bd316feef8623143b131e2c7b7/cwapi3d-32.443.8-py3-none-any.whl", hash = "sha256:afe44a20fe7942b8cf536412df021b019782d0a67f6db36215ed6ca82e28e8da", size = 93089, upload-time = "2026-04-28T16:43:22.278Z" },
]

[[package]]
name = "iniconfig"
version = "2.3.0"
source = { registry = "https://pypi.org/simple" }
sdist = { url = "https://files.pythonhosted.org/packages/72/34/14ca021ce8e5dfedc35312d08ba8bf51fdd999c576889fc2c24cb97f4f10/iniconfig-2.3.0.tar.gz", hash = "sha256:c76315c77db068650d49c5b56314774a7804df16fee4402c1f19d6d15d8c4730", size = 20503, upload-time = "2025-10-18T21:55:43.219Z" }
wheels = [
    { url = "https://files.pythonhosted.org/packages/cb/b1/3846dd7f199d53cb17f49cba7e651e9ce294d8497c8c150530ed11865bb8/iniconfig-2.3.0-py3-none-any.whl", hash = "sha256:f631c04d2c48c52b84d0d0549c99ff3859c98df65b3101406327ecc7d53fbf12", size = 7484, upload-time = "2025-10-18T21:55:41.639Z" },
]

[[package]]
name = "packaging"
version = "26.2"
source = { registry = "https://pypi.org/simple" }
sdist = { url = "https://files.pythonhosted.org/packages/d7/f1/e7a6dd94a8d4a5626c03e4e99c87f241ba9e350cd9e6d75123f992427270/packaging-26.2.tar.gz", hash = "sha256:ff452ff5a3e828ce110190feff1178bb1f2ea2281fa2075aadb987c2fb221661", size = 228134, upload-time = "2026-04-24T20:15:23.917Z" }
wheels = [
    { url = "https://files.pythonhosted.org/packages/df/b2/87e62e8c3e2f4b32e5fe99e0b86d576da1312593b39f47d8ceef365e95ed/packaging-26.2-py3-none-any.whl", hash = "sha256:5fc45236b9446107ff2415ce77c807cee2862cb6fac22b8a73826d0693b0980e", size = 100195, upload-time = "2026-04-24T20:15:22.081Z" },
]

[[package]]
name = "pluggy"
version = "1.6.0"
source = { registry = "https://pypi.org/simple" }
sdist = { url = "https://files.pythonhosted.org/packages/f9/e2/3e91f31a7d2b083fe6ef3fa267035b518369d9511ffab804f839851d2779/pluggy-1.6.0.tar.gz", hash = "sha256:7dcc130b76258d33b90f61b658791dede3486c3e6bfb003ee5c9bfb396dd22f3", size = 69412, upload-time = "2025-05-15T12:30:07.975Z" }
wheels = [
    { url = "https://files.pythonhosted.org/packages/54/20/4d324d65cc6d9205fabedc306948156824eb9f0ee1633355a8f7ec5c66bf/pluggy-1.6.0-py3-none-any.whl", hash = "sha256:e920276dd6813095e9377c0bc5566d94c932c33b27a3e3945d8389c374dd4746", size = 20538, upload-time = "2025-05-15T12:30:06.134Z" },
]

[[package]]
name = "pygments"
version = "2.20.0"
source = { registry = "https://pypi.org/simple" }
sdist = { url = "https://files.pythonhosted.org/packages/c3/b2/bc9c9196916376152d655522fdcebac55e66de6603a76a02bca1b6414f6c/pygments-2.20.0.tar.gz", hash = "sha256:6757cd03768053ff99f3039c1a36d6c0aa0b263438fcab17520b30a303a82b5f", size = 4955991, upload-time = "2026-03-29T13:29:33.898Z" }
wheels = [
    { url = "https://files.pythonhosted.org/packages/f4/7e/a72dd26f3b0f4f2bf1dd8923c85f7ceb43172af56d63c7383eb62b332364/pygments-2.20.0-py3-none-any.whl", hash = "sha256:81a9e26dd42fd28a23a2d169d86d7ac03b46e2f8b59ed4698fb4785f946d0176", size = 1231151, upload-time = "2026-03-29T13:29:30.038Z" },
]

[[package]]
name = "pyqt6"
version = "6.8.1"
source = { registry = "https://pypi.org/simple" }
dependencies = [
    { name = "pyqt6-qt6" },
    { name = "pyqt6-sip" },
]
sdist = { url = "https://files.pythonhosted.org/packages/ce/bf/ff284a136b39cb1873c18e4fca4a40a8847c84a1910c5fb38c6a77868968/pyqt6-6.8.1.tar.gz", hash = "sha256:91d937d6166274fafd70f4dee11a8da6dbfdb0da53de05f5d62361ddf775e256", size = 1064723, upload-time = "2025-02-06T12:22:24.289Z" }
wheels = [
    { url = "https://files.pythonhosted.org/packages/09/da/70971b3d7f53a68644ea32544d3786dfbbb162d18572ac1defcf5a6481d5/PyQt6-6.8.1-cp39-abi3-macosx_10_14_universal2.whl", hash = "sha256:0425f9eebdd5d4e57ab36424c9382f2ea06670c3c550fa0028c2b19bd0a1d7bd", size = 12213924, upload-time = "2025-02-06T12:22:01.991Z" },
    { url = "https://files.pythonhosted.org/packages/be/25/a4392c323a0fb97eb5f449b7594f37e93d9794b900756b43cd65772def77/PyQt6-6.8.1-cp39-abi3-manylinux_2_28_x86_64.whl", hash = "sha256:36bf48e3df3a6ff536e703315d155480ef4e260396eb5469eb7a875bc5bb7ab4", size = 8238120, upload-time = "2025-02-06T12:22:07.45Z" },
    { url = "https://files.pythonhosted.org/packages/de/a3/e528b4cc3394f2ae15b531c17f27b53de756a8c0404dfa9c184502367c48/PyQt6-6.8.1-cp39-abi3-manylinux_2_39_aarch64.whl", hash = "sha256:2eac2267a34828b8db7660dd3cc3b3b5fd76a92e61ad45471565b01221cb558b", size = 8173996, upload-time = "2025-02-06T12:22:12.842Z" },
    { url = "https://files.pythonhosted.org/packages/f2/69/11404cfcb916bd7207805c21432ecab0401779361d48b67f28ae9337f70d/PyQt6-6.8.1-cp39-abi3-win_amd64.whl", hash = "sha256:70bad7b890a8f9e9e5fb9598c544b832d9d9d99a9519e0009cb29c1e15e96632", size = 6723466, upload-time = "2025-02-06T12:22:18.009Z" },
    { url = "https://files.pythonhosted.org/packages/00/2a/21a555aea9bc8abc4f09017b922dbdf509c421f70506d4c83d2e8f4315b2/PyQt6-6.8.1-cp39-abi3-win_arm64.whl", hash = "sha256:a40f878e8e5eeeb0bba995152d07eeef9375ea0116df0f4aad0a6b97c8ad1175", size = 5463379, upload-time = "2025-02-06T12:22:22.396Z" },
]

[[package]]
name = "pyqt6-qt6"
version = "6.8.2"
source = { registry = "https://pypi.org/simple" }
wheels = [
    { url = "https://files.pythonhosted.org/packages/1e/a4/3d764e05955382b3dc7227cbfde090700edd63431147f1c66d428ccac45c/PyQt6_Qt6-6.8.2-py3-none-macosx_10_14_x86_64.whl", hash = "sha256:470dd4211fe5a67b0565e0202e7aa67816e5dcf7d713528b88327adaebd0934e", size = 66121240, upload-time = "2025-02-06T12:04:51.553Z" },
    { url = "https://files.pythonhosted.org/packages/d6/b3/6d4f8257b46554fb2c89b33a6773a3f05ed961b3cd83828caee5dc79899f/PyQt6_Qt6-6.8.2-py3-none-macosx_11_0_arm64.whl", hash = "sha256:40cda901a3e1617e79225c354fe9d89b80249f0a6c6aaa18b40938e05bbf7d1f", size = 60286219, upload-time = "2025-02-06T12:05:00.981Z" },
    { url = "https://files.pythonhosted.org/packages/92/95/0036435b9e2cbd22e08f14eec2362c32fc641660c6e4aea6f59d165cb5fc/PyQt6_Qt6-6.8.2-py3-none-manylinux_2_28_x86_64.whl", hash = "sha256:fb6d0acdd7d43c33fb8b9d2dd7922d381cdedd00da316049fbe01fc1973e6f05", size = 81263397, upload-time = "2025-02-06T12:05:12.137Z" },
    { url = "https://files.pythonhosted.org/packages/6e/fb/c01dde044eca1542d88cac72fc99369af76a981cc2f52790236efa566e01/PyQt6_Qt6-6.8.2-py3-none-manylinux_2_39_aarch64.whl", hash = "sha256:5970c85d22cbe5c476418994549161b23ed938e25b04fc4ca8fabf6dcac7b03f", size = 79832921, upload-time = "2025-02-06T12:05:23.57Z" },
    { url = "https://files.pythonhosted.org/packages/1a/f7/31f03a9f5e6c7cc23ceb2bd0d9c2df0518837f7af0e693e15b6e0881b8b0/PyQt6_Qt6-6.8.2-py3-none-win_amd64.whl", hash = "sha256:28e2bb641f05b01e498503c3ef01c8a919d6e0e96b50230301c0baac2b7d1433", size = 71934164, upload-time = "2025-02-06T12:05:33.669Z" },
    { url = "https://files.pythonhosted.org/packages/00/c9/102c9537795ca11c12120ec9d5f554d9437787f52d8e23fbc8269e6a2699/PyQt6_Qt6-6.8.2-py3-none-win_arm64.whl", hash = "sha256:912afdddd0dfc666ce1c16bc4695e2acd680db72343e4f7a2b7c053a0146b4bc", size = 48120018, upload-time = "2025-02-06T12:05:43.321Z" },
]

[[package]]
name = "pyqt6-sip"
version = "13.11.1"
source = { registry = "https://pypi.org/simple" }
sdist = { url = "https://files.pythonhosted.org/packages/90/24/a753e1af94b9ae5b2da63d4598457308da3cdbf0838c959381db086ccc86/pyqt6_sip-13.11.1.tar.gz", hash = "sha256:869c5b48afe38e55b1ee0dd72182b0886e968cc509b98023ff50010b013ce1be", size = 92574, upload-time = "2026-03-09T13:01:35.418Z" }
wheels = [
    { url = "https://files.pythonhosted.org/packages/20/1d/62c633faedef5bb3b8c7486a72e8a6466adaa2a14efcfccf85bb23426748/pyqt6_sip-13.11.1-cp314-cp314-macosx_10_15_universal2.whl", hash = "sha256:cb931c1af45294bbe8039c5cfda184e3023f5dc766fc884964010eedd8fd85db", size = 112678, upload-time = "2026-03-09T13:01:28.15Z" },
    { url = "https://files.pythonhosted.org/packages/03/72/5a3d9ffef0caa7e1bc7a35d6300f6099bfccd1d8a485b4320ba20013a2d9/pyqt6_sip-13.11.1-cp314-cp314-manylinux1_x86_64.manylinux_2_5_x86_64.whl", hash = "sha256:353d613129316e9f7eda6bbe821deb7b7ffa14483499189171fd8a246873f9ac", size = 299560, upload-time = "2026-03-09T13:01:32.134Z" },
    { url = "https://files.pythonhosted.org/packages/98/f4/886f901f1e04da717a11e180ba19a9c7fc62da170966d57206006f173bda/pyqt6_sip-13.11.1-cp314-cp314-manylinux_2_17_aarch64.manylinux2014_aarch64.whl", hash = "sha256:fcadd68e09ee24cdda8f8bfcba52e59c9b297055d2c450f0eb89afa61a8dc31a", size = 321846, upload-time = "2026-03-09T13:01:29.817Z" },
    { url = "https://files.pythonhosted.org/packages/96/f2/b68fd566f7f86dbb53d933489e70487cabaea0e0161690e4899653bbc7fb/pyqt6_sip-13.11.1-cp314-cp314-win_amd64.whl", hash = "sha256:581e287bf42587593b88b30d9db06ed0fccbf40f345a5bd3ec3f00a5692e2430", size = 55055, upload-time = "2026-03-09T13:01:33.467Z" },
    { url = "https://files.pythonhosted.org/packages/8d/42/efb7ced69f7d1d31eb8f19b2d778aeb182be7e070569d02b9057ac478e3e/pyqt6_sip-13.11.1-cp314-cp314-win_arm64.whl", hash = "sha256:42b62530a9b6a9c6e29c2941b8ab78258652da0aeae4eb1fc9a0631d19a7a7b2", size = 49597, upload-time = "2026-03-09T13:01:34.49Z" },
]

[[package]]
name = "pyqt6-webengine"
version = "6.8.0"
source = { registry = "https://pypi.org/simple" }
dependencies = [
    { name = "pyqt6" },
    { name = "pyqt6-sip" },
    { name = "pyqt6-webengine-qt6" },
]
sdist = { url = "https://files.pythonhosted.org/packages/cd/c8/cadaa950eaf97f29e48c435e274ea5a81c051e745a3e2f5d9d994b7a6cda/PyQt6_WebEngine-6.8.0.tar.gz", hash = "sha256:64045ea622b6a41882c2b18f55ae9714b8660acff06a54e910eb72822c2f3ff2", size = 34203, upload-time = "2024-12-12T15:34:35.573Z" }
wheels = [
    { url = "https://files.pythonhosted.org/packages/0f/e0/cc792002fc0af923d8c2d50bf7d164cee8ab32ed54107867321e2eef6c5d/PyQt6_WebEngine-6.8.0-cp39-abi3-macosx_10_14_universal2.whl", hash = "sha256:c7a5731923112acf23fbf93efad91f7b1545221063572106273e34c15a029fe7", size = 432675, upload-time = "2024-12-12T15:34:28.592Z" },
    { url = "https://files.pythonhosted.org/packages/db/68/6ca1671a36f2098504634de19fcdfc8cad6b6c2fba86f1b40b335b3aa895/PyQt6_WebEngine-6.8.0-cp39-abi3-manylinux_2_28_x86_64.whl", hash = "sha256:5b5090dcc71dd36172ca8370db7dcaadfa0a022a8e58f6e172301289036c666b", size = 295421, upload-time = "2024-12-28T22:45:45.772Z" },
    { url = "https://files.pythonhosted.org/packages/34/89/6afb90e085c9a6ad593d7c820f9e3ec5923e7bfa3a9ccc658ab7d7634eaf/PyQt6_WebEngine-6.8.0-cp39-abi3-manylinux_2_35_x86_64.whl", hash = "sha256:5b9231b58014965b72504e49f39a6dbc3ecd05d4d725af011d75e6c8a7e2d5f7", size = 297339, upload-time = "2024-12-12T15:34:30.213Z" },
    { url = "https://files.pythonhosted.org/packages/87/51/43830c9ba425f499f3c0279b0febd48f1b647419256b101923b96009587b/PyQt6_WebEngine-6.8.0-cp39-abi3-manylinux_2_39_aarch64.whl", hash = "sha256:c549f0f72c285eeea94000f6764dfaebf6bb3b13224580c7169a409bf1bf1bb7", size = 293678, upload-time = "2024-12-12T15:34:32.315Z" },
    { url = "https://files.pythonhosted.org/packages/1e/74/9b20e505737ceefe2ffb47355633c84b7d5d7d592f32165425b3e0ce7dd9/PyQt6_WebEngine-6.8.0-cp39-abi3-win_amd64.whl", hash = "sha256:d7366809d681bcc096fa565f2a81d0ab040f7da5bb4f12f78e834a2b173c87d1", size = 234566, upload-time = "2024-12-12T15:34:33.59Z" },
]

[[package]]
name = "pyqt6-webengine-qt6"
version = "6.8.2"
source = { registry = "https://pypi.org/simple" }
wheels = [
    { url = "https://files.pythonhosted.org/packages/5a/da/639523b821d68a253f7fb2a8a4f2b277f5a03e9adba5a9cfcc2aa1aa9ed1/PyQt6_WebEngine_Qt6-6.8.2-py3-none-macosx_10_14_x86_64.whl", hash = "sha256:84312705615b5fccedb386531bbd505eb110469444d778f09acd6a214836789e", size = 113127300, upload-time = "2025-02-06T12:05:55.965Z" },
    { url = "https://files.pythonhosted.org/packages/df/bd/33b89cc7cdf54d172be3f98746273b4b6fba73b4802a2e5a6fa757951b47/PyQt6_WebEngine_Qt6-6.8.2-py3-none-macosx_11_0_arm64.whl", hash = "sha256:672363b3809973bbe3408048fc49e98f5c54db8629e855d813fd531e05929007", size = 101984083, upload-time = "2025-02-06T12:06:09.736Z" },
    { url = "https://files.pythonhosted.org/packages/91/90/2693e9de1f064ac7cc10ba25548bbab6ce45a163eef07a22db3ff5ce8b81/PyQt6_WebEngine_Qt6-6.8.2-py3-none-manylinux_2_28_x86_64.whl", hash = "sha256:c3be75ef7563b965306de53cae0b357438672d3bf7d9b39edacc307fbeb9965e", size = 105210886, upload-time = "2025-02-06T12:06:23.944Z" },
    { url = "https://files.pythonhosted.org/packages/42/8a/f30075726c8ac391b6fbbc7ab043795ec79f56e452e9d835b883576738b2/PyQt6_WebEngine_Qt6-6.8.2-py3-none-manylinux_2_39_aarch64.whl", hash = "sha256:72c1b4c45a3226f32f6c821ee474c4418727913536a62506d9787e24a46d6f27", size = 101194628, upload-time = "2025-02-06T12:06:37.196Z" },
    { url = "https://files.pythonhosted.org/packages/f3/2a/4fe2bfd3a1ed0e27d1b8f32a5259ebe966432365391c9a541f290f5438de/PyQt6_WebEngine_Qt6-6.8.2-py3-none-win_amd64.whl", hash = "sha256:4421159f3ac4a796499b7f73e98028797a4ae636b04f920b8165308ca0b8c629", size = 95573175, upload-time = "2025-02-06T12:06:49.642Z" },
]

[[package]]
name = "pytest"
version = "9.0.3"
source = { registry = "https://pypi.org/simple" }
dependencies = [
    { name = "colorama", marker = "sys_platform == 'win32'" },
    { name = "iniconfig" },
    { name = "packaging" },
    { name = "pluggy" },
    { name = "pygments" },
]
sdist = { url = "https://files.pythonhosted.org/packages/7d/0d/549bd94f1a0a402dc8cf64563a117c0f3765662e2e668477624baeec44d5/pytest-9.0.3.tar.gz", hash = "sha256:b86ada508af81d19edeb213c681b1d48246c1a91d304c6c81a427674c17eb91c", size = 1572165, upload-time = "2026-04-07T17:16:18.027Z" }
wheels = [
    { url = "https://files.pythonhosted.org/packages/d4/24/a372aaf5c9b7208e7112038812994107bc65a84cd00e0354a88c2c77a617/pytest-9.0.3-py3-none-any.whl", hash = "sha256:2c5efc453d45394fdd706ade797c0a81091eccd1d6e4bccfcd476e2b8e0ab5d9", size = 375249, upload-time = "2026-04-07T17:16:16.13Z" },
]
